
Microsoft Visual Studio Solution File, Format Version 12.00
# Visual Studio Version 17
VisualStudioVersion = 17.2.32519.379
MinimumVisualStudioVersion = 10.0.40219.1
Project("{9A19103F-16F7-4668-BE54-9A1E7A4F7556}") = "WpfApp", "WpfApp\WpfApp.csproj", "{5DF98E5C-AE75-43F1-9CDC-8028698094FC}"
EndProject
Project("{FAE04EC0-301F-11D3-BF4B-00C04F79EFBC}") = "WcfContractServiceLibrary", "WcfContractServiceLibrary\WcfContractServiceLibrary.csproj", "{5EB7AC4D-B8EC-45C4-AC3A-9325EEB6682C}"
EndProject
Global
	GlobalSection(SolutionConfigurationPlatforms) = preSolution
		Debug|Any CPU = Debug|Any CPU
		Release|Any CPU = Release|Any CPU
	EndGlobalSection
	GlobalSection(ProjectConfigurationPlatforms) = postSolution
		{5DF98E5C-AE75-43F1-9CDC-8028698094FC}.Debug|Any CPU.ActiveCfg = Debug|Any CPU
		{5DF98E5C-AE75-43F1-9CDC-8028698094FC}.Debug|Any CPU.Build.0 = Debug|Any CPU
		{5DF98E5C-AE75-43F1-9CDC-8028698094FC}.Release|Any CPU.ActiveCfg = Release|Any CPU
		{5DF98E5C-AE75-43F1-9CDC-8028698094FC}.Release|Any CPU.Build.0 = Release|Any CPU
		{5EB7AC4D-B8EC-45C4-AC3A-9325EEB6682C}.Debug|Any CPU.ActiveCfg = Debug|Any CPU
		{5EB7AC4D-B8EC-45C4-AC3A-9325EEB6682C}.Debug|Any CPU.Build.0 = Debug|Any CPU
		{5EB7AC4D-B8EC-45C4-AC3A-9325EEB6682C}.Release|Any CPU.ActiveCfg = Release|Any CPU
		{5EB7AC4D-B8EC-45C4-AC3A-9325EEB6682C}.Release|Any CPU.Build.0 = Release|Any CPU
	EndGlobalSection
	GlobalSection(SolutionProperties) = preSolution
		HideSolutionNode = FALSE
	EndGlobalSection
	GlobalSection(ExtensibilityGlobals) = postSolution
		SolutionGuid = {C35758FD-7A47-4A19-BCC5-87A4DF9028DC}
	EndGlobalSection
EndGlobal
